
Microsoft Visual Studio Solution File, Format Version 12.00
# Visual Studio 15
VisualStudioVersion = 15.0.28307.489
MinimumVisualStudioVersion = 10.0.40219.1
Project("{FAE04EC0-301F-11D3-BF4B-00C04F79EFBC}") = "Garage.API", "Garage.API\Garage.API.csproj", "{6DE928BA-DDE1-43A6-98E9-B334507A0B97}"
EndProject
Global
	GlobalSection(SolutionConfigurationPlatforms) = preSolution
		Debug|Any CPU = Debug|Any CPU
		Release|Any CPU = Release|Any CPU
	EndGlobalSection
	GlobalSection(ProjectConfigurationPlatforms) = postSolution
		{6DE928BA-DDE1-43A6-98E9-B334507A0B97}.Debug|Any CPU.ActiveCfg = Debug|Any CPU
		{6DE928BA-DDE1-43A6-98E9-B334507A0B97}.Debug|Any CPU.Build.0 = Debug|Any CPU
		{6DE928BA-DDE1-43A6-98E9-B334507A0B97}.Release|Any CPU.ActiveCfg = Release|Any CPU
		{6DE928BA-DDE1-43A6-98E9-B334507A0B97}.Release|Any CPU.Build.0 = Release|Any CPU
	EndGlobalSection
	GlobalSection(SolutionProperties) = preSolution
		HideSolutionNode = FALSE
	EndGlobalSection
	GlobalSection(ExtensibilityGlobals) = postSolution
		SolutionGuid = {FD35061A-58EE-45CD-B507-40D4BAC79B78}
	EndGlobalSection
EndGlobal
